// !$*UTF8*$!
{
	archiveVersion = 1;
	classes = {
	};
	objectVersion = 77;
	objects = {

/* Begin PBXBuildFile section */
		60585DDB2ED9645F00A3A4D1 /* HMedia in Frameworks */ = {isa = PBXBuildFile; productRef = 60585DDA2ED9645F00A3A4D1 /* HMedia */; };
		60585DE32ED9774600A3A4D1 /* HConstants in Frameworks */ = {isa = PBXBuildFile; productRef = 60585DE22ED9774600A3A4D1 /* HConstants */; };
/* End PBXBuildFile section */

/* Begin PBXContainerItemProxy section */
		60585DBB2ED962BA00A3A4D1 /* PBXContainerItemProxy */ = {
			isa = PBXContainerItemProxy;
			containerPortal = 60585D9C2ED962B900A3A4D1 /* Project object */;
			proxyType = 1;
			remoteGlobalIDString = 60585DA32ED962B900A3A4D1;
			remoteInfo = "Ye-Dufu";
		};
		60585DC52ED962BA00A3A4D1 /* PBXContainerItemProxy */ = {
			isa = PBXContainerItemProxy;
			containerPortal = 60585D9C2ED962B900A3A4D1 /* Project object */;
			proxyType = 1;
			remoteGlobalIDString = 60585DA32ED962B900A3A4D1;
			remoteInfo = "Ye-Dufu";
		};
/* End PBXContainerItemProxy section */

/* Begin PBXFileReference section */
		60585DA42ED962B900A3A4D1 /* Ye-Dufu.app */ = {isa = PBXFileReference; explicitFileType = wrapper.application; includeInIndex = 0; path = "Ye-Dufu.app"; sourceTree = BUILT_PRODUCTS_DIR; };
		60585DBA2ED962BA00A3A4D1 /* Ye-DufuTests.xctest */ = {isa = PBXFileReference; explicitFileType = wrapper.cfbundle; includeInIndex = 0; path = "Ye-DufuTests.xctest"; sourceTree = BUILT_PRODUCTS_DIR; };
		60585DC42ED962BA00A3A4D1 /* Ye-DufuUITests.xctest */ = {isa = PBXFileReference; explicitFileType = wrapper.cfbundle; includeInIndex = 0; path = "Ye-DufuUITests.xctest"; sourceTree = BUILT_PRODUCTS_DIR; };
		60585DD82ED9644D00A3A4D1 /* HMedia */ = {isa = PBXFileReference; lastKnownFileType = wrapper; name = HMedia; path = Packages/HMedia; sourceTree = "<group>"; };
		60585DDF2ED975E000A3A4D1 /* HConstants */ = {isa = PBXFileReference; lastKnownFileType = wrapper; name = HConstants; path = Packages/HConstants; sourceTree = "<group>"; };
		60585E622ED97C7600A3A4D1 /* HData */ = {isa = PBXFileReference; lastKnownFileType = wrapper; name = HData; path = Packages/HData; sourceTree = "<group>"; };
/* End PBXFileReference section */

/* Begin PBXFileSystemSynchronizedBuildFileExceptionSet section */
		60585DCC2ED962BA00A3A4D1 /* Exceptions for "Ye-Dufu" folder in "Ye-Dufu" target */ = {
			isa = PBXFileSystemSynchronizedBuildFileExceptionSet;
			membershipExceptions = (
				Info.plist,
			);
			target = 60585DA32ED962B900A3A4D1 /* Ye-Dufu */;
		};
/* End PBXFileSystemSynchronizedBuildFileExceptionSet section */

/* Begin PBXFileSystemSynchronizedRootGroup section */
		60585DA62ED962B900A3A4D1 /* Ye-Dufu */ = {
			isa = PBXFileSystemSynchronizedRootGroup;
			exceptions = (
				60585DCC2ED962BA00A3A4D1 /* Exceptions for "Ye-Dufu" folder in "Ye-Dufu" target */,
			);
			path = "Ye-Dufu";
			sourceTree = "<group>";
		};
		60585DBD2ED962BA00A3A4D1 /* Ye-DufuTests */ = {
			isa = PBXFileSystemSynchronizedRootGroup;
			path = "Ye-DufuTests";
			sourceTree = "<group>";
		};
		60585DC72ED962BA00A3A4D1 /* Ye-DufuUITests */ = {
			isa = PBXFileSystemSynchronizedRootGroup;
			path = "Ye-DufuUITests";
			sourceTree = "<group>";
		};
/* End PBXFileSystemSynchronizedRootGroup section */

/* Begin PBXFrameworksBuildPhase section */
		60585DA12ED962B900A3A4D1 /* Frameworks */ = {
			isa = PBXFrameworksBuildPhase;
			buildActionMask = 2147483647;
			files = (
				60585DDB2ED9645F00A3A4D1 /* HMedia in Frameworks */,
				60585DE32ED9774600A3A4D1 /* HConstants in Frameworks */,
			);
			runOnlyForDeploymentPostprocessing = 0;
		};
		60585DB72ED962BA00A3A4D1 /* Frameworks */ = {
			isa = PBXFrameworksBuildPhase;
			buildActionMask = 2147483647;
			files = (
			);
			runOnlyForDeploymentPostprocessing = 0;
		};
		60585DC12ED962BA00A3A4D1 /* Frameworks */ = {
			isa = PBXFrameworksBuildPhase;
			buildActionMask = 2147483647;
			files = (
			);
			runOnlyForDeploymentPostprocessing = 0;
		};
/* End PBXFrameworksBuildPhase section */

/* Begin PBXGroup section */
		60585D9B2ED962B900A3A4D1 = {
			isa = PBXGroup;
			children = (
				60585E622ED97C7600A3A4D1 /* HData */,
				60585DDF2ED975E000A3A4D1 /* HConstants */,
				60585DD82ED9644D00A3A4D1 /* HMedia */,
				60585DA62ED962B900A3A4D1 /* Ye-Dufu */,
				60585DBD2ED962BA00A3A4D1 /* Ye-DufuTests */,
				60585DC72ED962BA00A3A4D1 /* Ye-DufuUITests */,
				60585DD92ED9645F00A3A4D1 /* Frameworks */,
				60585DA52ED962B900A3A4D1 /* Products */,
			);
			sourceTree = "<group>";
		};
		60585DA52ED962B900A3A4D1 /* Products */ = {
			isa = PBXGroup;
			children = (
				60585DA42ED962B900A3A4D1 /* Ye-Dufu.app */,
				60585DBA2ED962BA00A3A4D1 /* Ye-DufuTests.xctest */,
				60585DC42ED962BA00A3A4D1 /* Ye-DufuUITests.xctest */,
			);
			name = Products;
			sourceTree = "<group>";
		};
		60585DD92ED9645F00A3A4D1 /* Frameworks */ = {
			isa = PBXGroup;
			children = (
			);
			name = Frameworks;
			sourceTree = "<group>";
		};
/* End PBXGroup section */

/* Begin PBXNativeTarget section */
		60585DA32ED962B900A3A4D1 /* Ye-Dufu */ = {
			isa = PBXNativeTarget;
			buildConfigurationList = 60585DCD2ED962BA00A3A4D1 /* Build configuration list for PBXNativeTarget "Ye-Dufu" */;
			buildPhases = (
				60585DA02ED962B900A3A4D1 /* Sources */,
				60585DA12ED962B900A3A4D1 /* Frameworks */,
				60585DA22ED962B900A3A4D1 /* Resources */,
			);
			buildRules = (
			);
			dependencies = (
			);
			fileSystemSynchronizedGroups = (
				60585DA62ED962B900A3A4D1 /* Ye-Dufu */,
			);
			name = "Ye-Dufu";
			packageProductDependencies = (
				60585DDA2ED9645F00A3A4D1 /* HMedia */,
				60585DE22ED9774600A3A4D1 /* HConstants */,
			);
			productName = "Ye-Dufu";
			productReference = 60585DA42ED962B900A3A4D1 /* Ye-Dufu.app */;
			productType = "com.apple.product-type.application";
		};
		60585DB92ED962BA00A3A4D1 /* Ye-DufuTests */ = {
			isa = PBXNativeTarget;
			buildConfigurationList = 60585DD22ED962BA00A3A4D1 /* Build configuration list for PBXNativeTarget "Ye-DufuTests" */;
			buildPhases = (
				60585DB62ED962BA00A3A4D1 /* Sources */,
				60585DB72ED962BA00A3A4D1 /* Frameworks */,
				60585DB82ED962BA00A3A4D1 /* Resources */,
			);
			buildRules = (
			);
			dependencies = (
				60585DBC2ED962BA00A3A4D1 /* PBXTargetDependency */,
			);
			fileSystemSynchronizedGroups = (
				60585DBD2ED962BA00A3A4D1 /* Ye-DufuTests */,
			);
			name = "Ye-DufuTests";
			packageProductDependencies = (
			);
			productName = "Ye-DufuTests";
			productReference = 60585DBA2ED962BA00A3A4D1 /* Ye-DufuTests.xctest */;
			productType = "com.apple.product-type.bundle.unit-test";
		};
		60585DC32ED962BA00A3A4D1 /* Ye-DufuUITests */ = {
			isa = PBXNativeTarget;
			buildConfigurationList = 60585DD52ED962BA00A3A4D1 /* Build configuration list for PBXNativeTarget "Ye-DufuUITests" */;
			buildPhases = (
				60585DC02ED962BA00A3A4D1 /* Sources */,
				60585DC12ED962BA00A3A4D1 /* Frameworks */,
				60585DC22ED962BA00A3A4D1 /* Resources */,
			);
			buildRules = (
			);
			dependencies = (
				60585DC62ED962BA00A3A4D1 /* PBXTargetDependency */,
			);
			fileSystemSynchronizedGroups = (
				60585DC72ED962BA00A3A4D1 /* Ye-DufuUITests */,
			);
			name = "Ye-DufuUITests";
			packageProductDependencies = (
			);
			productName = "Ye-DufuUITests";
			productReference = 60585DC42ED962BA00A3A4D1 /* Ye-DufuUITests.xctest */;
			productType = "com.apple.product-type.bundle.ui-testing";
		};
/* End PBXNativeTarget section */

/* Begin PBXProject section */
		60585D9C2ED962B900A3A4D1 /* Project object */ = {
			isa = PBXProject;
			attributes = {
				BuildIndependentTargetsInParallel = 1;
				LastSwiftUpdateCheck = 2600;
				LastUpgradeCheck = 2600;
				TargetAttributes = {
					60585DA32ED962B900A3A4D1 = {
						CreatedOnToolsVersion = 26.0;
					};
					60585DB92ED962BA00A3A4D1 = {
						CreatedOnToolsVersion = 26.0;
						TestTargetID = 60585DA32ED962B900A3A4D1;
					};
					60585DC32ED962BA00A3A4D1 = {
						CreatedOnToolsVersion = 26.0;
						TestTargetID = 60585DA32ED962B900A3A4D1;
					};
				};
			};
			buildConfigurationList = 60585D9F2ED962B900A3A4D1 /* Build configuration list for PBXProject "Ye-Dufu" */;
			developmentRegion = en;
			hasScannedForEncodings = 0;
			knownRegions = (
				en,
				Base,
			);
			mainGroup = 60585D9B2ED962B900A3A4D1;
			minimizedProjectReferenceProxies = 1;
			preferredProjectObjectVersion = 77;
			productRefGroup = 60585DA52ED962B900A3A4D1 /* Products */;
			projectDirPath = "";
			projectRoot = "";
			targets = (
				60585DA32ED962B900A3A4D1 /* Ye-Dufu */,
				60585DB92ED962BA00A3A4D1 /* Ye-DufuTests */,
				60585DC32ED962BA00A3A4D1 /* Ye-DufuUITests */,
			);
		};
/* End PBXProject section */

/* Begin PBXResourcesBuildPhase section */
		60585DA22ED962B900A3A4D1 /* Resources */ = {
			isa = PBXResourcesBuildPhase;
			buildActionMask = 2147483647;
			files = (
			);
			runOnlyForDeploymentPostprocessing = 0;
		};
		60585DB82ED962BA00A3A4D1 /* Resources */ = {
			isa = PBXResourcesBuildPhase;
			buildActionMask = 2147483647;
			files = (
			);
			runOnlyForDeploymentPostprocessing = 0;
		};
		60585DC22ED962BA00A3A4D1 /* Resources */ = {
			isa = PBXResourcesBuildPhase;
			buildActionMask = 2147483647;
			files = (
			);
			runOnlyForDeploymentPostprocessing = 0;
		};
/* End PBXResourcesBuildPhase section */

/* Begin PBXSourcesBuildPhase section */
		60585DA02ED962B900A3A4D1 /* Sources */ = {
			isa = PBXSourcesBuildPhase;
			buildActionMask = 2147483647;
			files = (
			);
			runOnlyForDeploymentPostprocessing = 0;
		};
		60585DB62ED962BA00A3A4D1 /* Sources */ = {
			isa = PBXSourcesBuildPhase;
			buildActionMask = 2147483647;
			files = (
			);
			runOnlyForDeploymentPostprocessing = 0;
		};
		60585DC02ED962BA00A3A4D1 /* Sources */ = {
			isa = PBXSourcesBuildPhase;
			buildActionMask = 2147483647;
			files = (
			);
			runOnlyForDeploymentPostprocessing = 0;
		};
/* End PBXSourcesBuildPhase section */

/* Begin PBXTargetDependency section */
		60585DBC2ED962BA00A3A4D1 /* PBXTargetDependency */ = {
			isa = PBXTargetDependency;
			target = 60585DA32ED962B900A3A4D1 /* Ye-Dufu */;
			targetProxy = 60585DBB2ED962BA00A3A4D1 /* PBXContainerItemProxy */;
		};
		60585DC62ED962BA00A3A4D1 /* PBXTargetDependency */ = {
			isa = PBXTargetDependency;
			target = 60585DA32ED962B900A3A4D1 /* Ye-Dufu */;
			targetProxy = 60585DC52ED962BA00A3A4D1 /* PBXContainerItemProxy */;
		};
/* End PBXTargetDependency section */

/* Begin XCBuildConfiguration section */
		60585DCE2ED962BA00A3A4D1 /* Debug */ = {
			isa = XCBuildConfiguration;
			buildSettings = {
				ASSETCATALOG_COMPILER_APPICON_NAME = AppIcon;
				ASSETCATALOG_COMPILER_GLOBAL_ACCENT_COLOR_NAME = AccentColor;
				CODE_SIGN_STYLE = Automatic;
				CURRENT_PROJECT_VERSION = 1;
				DEVELOPMENT_TEAM = F29WG8477A;
				GENERATE_INFOPLIST_FILE = YES;
				INFOPLIST_FILE = "Ye-Dufu/Info.plist";
				INFOPLIST_KEY_UIApplicationSupportsIndirectInputEvents = YES;
				INFOPLIST_KEY_UILaunchStoryboardName = LaunchScreen;
				INFOPLIST_KEY_UIMainStoryboardFile = Main;
				INFOPLIST_KEY_UISupportedInterfaceOrientations_iPad = "UIInterfaceOrientationPortrait UIInterfaceOrientationPortraitUpsideDown UIInterfaceOrientationLandscapeLeft UIInterfaceOrientationLandscapeRight";
				INFOPLIST_KEY_UISupportedInterfaceOrientations_iPhone = "UIInterfaceOrientationPortrait UIInterfaceOrientationLandscapeLeft UIInterfaceOrientationLandscapeRight";
				LD_RUNPATH_SEARCH_PATHS = (
					"$(inherited)",
					"@executable_path/Frameworks",
				);
				MARKETING_VERSION = 1.0;
				PRODUCT_BUNDLE_IDENTIFIER = "com.tiger.suzhou.Ye-Dufu";
				PRODUCT_NAME = "$(TARGET_NAME)";
				STRING_CATALOG_GENERATE_SYMBOLS = YES;
				SWIFT_APPROACHABLE_CONCURRENCY = YES;
				SWIFT_DEFAULT_ACTOR_ISOLATION = MainActor;
				SWIFT_EMIT_LOC_STRINGS = YES;
				SWIFT_UPCOMING_FEATURE_MEMBER_IMPORT_VISIBILITY = YES;
				SWIFT_VERSION = 5.0;
				TARGETED_DEVICE_FAMILY = "1,2";
			};
			name = Debug;
		};
		60585DCF2ED962BA00A3A4D1 /* Release */ = {
			isa = XCBuildConfiguration;
			buildSettings = {
				ASSETCATALOG_COMPILER_APPICON_NAME = AppIcon;
				ASSETCATALOG_COMPILER_GLOBAL_ACCENT_COLOR_NAME = AccentColor;
				CODE_SIGN_STYLE = Automatic;
				CURRENT_PROJECT_VERSION = 1;
				DEVELOPMENT_TEAM = F29WG8477A;
				GENERATE_INFOPLIST_FILE = YES;
				INFOPLIST_FILE = "Ye-Dufu/Info.plist";
				INFOPLIST_KEY_UIApplicationSupportsIndirectInputEvents = YES;
				INFOPLIST_KEY_UILaunchStoryboardName = LaunchScreen;
				INFOPLIST_KEY_UIMainStoryboardFile = Main;
				INFOPLIST_KEY_UISupportedInterfaceOrientations_iPad = "UIInterfaceOrientationPortrait UIInterfaceOrientationPortraitUpsideDown UIInterfaceOrientationLandscapeLeft UIInterfaceOrientationLandscapeRight";
				INFOPLIST_KEY_UISupportedInterfaceOrientations_iPhone = "UIInterfaceOrientationPortrait UIInterfaceOrientationLandscapeLeft UIInterfaceOrientationLandscapeRight";
				LD_RUNPATH_SEARCH_PATHS = (
					"$(inherited)",
					"@executable_path/Frameworks",
				);
				MARKETING_VERSION = 1.0;
				PRODUCT_BUNDLE_IDENTIFIER = "com.tiger.suzhou.Ye-Dufu";
				PRODUCT_NAME = "$(TARGET_NAME)";
				STRING_CATALOG_GENERATE_SYMBOLS = YES;
				SWIFT_APPROACHABLE_CONCURRENCY = YES;
				SWIFT_DEFAULT_ACTOR_ISOLATION = MainActor;
				SWIFT_EMIT_LOC_STRINGS = YES;
				SWIFT_UPCOMING_FEATURE_MEMBER_IMPORT_VISIBILITY = YES;
				SWIFT_VERSION = 5.0;
				TARGETED_DEVICE_FAMILY = "1,2";
			};
			name = Release;
		};
		60585DD02ED962BA00A3A4D1 /* Debug */ = {
			isa = XCBuildConfiguration;
			buildSettings = {
				ALWAYS_SEARCH_USER_PATHS = NO;
				ASSETCATALOG_COMPILER_GENERATE_SWIFT_ASSET_SYMBOL_EXTENSIONS = YES;
				CLANG_ANALYZER_NONNULL = YES;
				CLANG_ANALYZER_NUMBER_OBJECT_CONVERSION = YES_AGGRESSIVE;
				CLANG_CXX_LANGUAGE_STANDARD = "gnu++20";
				CLANG_ENABLE_MODULES = YES;
				CLANG_ENABLE_OBJC_ARC = YES;
				CLANG_ENABLE_OBJC_WEAK = YES;
				CLANG_WARN_BLOCK_CAPTURE_AUTORELEASING = YES;
				CLANG_WARN_BOOL_CONVERSION = YES;
				CLANG_WARN_COMMA = YES;
				CLANG_WARN_CONSTANT_CONVERSION = YES;
				CLANG_WARN_DEPRECATED_OBJC_IMPLEMENTATIONS = YES;
				CLANG_WARN_DIRECT_OBJC_ISA_USAGE = YES_ERROR;
				CLANG_WARN_DOCUMENTATION_COMMENTS = YES;
				CLANG_WARN_EMPTY_BODY = YES;
				CLANG_WARN_ENUM_CONVERSION = YES;
				CLANG_WARN_INFINITE_RECURSION = YES;
				CLANG_WARN_INT_CONVERSION = YES;
				CLANG_WARN_NON_LITERAL_NULL_CONVERSION = YES;
				CLANG_WARN_OBJC_IMPLICIT_RETAIN_SELF = YES;
				CLANG_WARN_OBJC_LITERAL_CONVERSION = YES;
				CLANG_WARN_OBJC_ROOT_CLASS = YES_ERROR;
				CLANG_WARN_QUOTED_INCLUDE_IN_FRAMEWORK_HEADER = YES;
				CLANG_WARN_RANGE_LOOP_ANALYSIS = YES;
				CLANG_WARN_STRICT_PROTOTYPES = YES;
				CLANG_WARN_SUSPICIOUS_MOVE = YES;
				CLANG_WARN_UNGUARDED_AVAILABILITY = YES_AGGRESSIVE;
				CLANG_WARN_UNREACHABLE_CODE = YES;
				CLANG_WARN__DUPLICATE_METHOD_MATCH = YES;
				COPY_PHASE_STRIP = NO;
				DEBUG_INFORMATION_FORMAT = dwarf;
				ENABLE_STRICT_OBJC_MSGSEND = YES;
				ENABLE_TESTABILITY = YES;
				ENABLE_USER_SCRIPT_SANDBOXING = YES;
				GCC_C_LANGUAGE_STANDARD = gnu17;
				GCC_DYNAMIC_NO_PIC = NO;
				GCC_NO_COMMON_BLOCKS = YES;
				GCC_OPTIMIZATION_LEVEL = 0;
				GCC_PREPROCESSOR_DEFINITIONS = (
					"DEBUG=1",
					"$(inherited)",
				);
				GCC_WARN_64_TO_32_BIT_CONVERSION = YES;
				GCC_WARN_ABOUT_RETURN_TYPE = YES_ERROR;
				GCC_WARN_UNDECLARED_SELECTOR = YES;
				GCC_WARN_UNINITIALIZED_AUTOS = YES_AGGRESSIVE;
				GCC_WARN_UNUSED_FUNCTION = YES;
				GCC_WARN_UNUSED_VARIABLE = YES;
				IPHONEOS_DEPLOYMENT_TARGET = 26.0;
				LOCALIZATION_PREFERS_STRING_CATALOGS = YES;
				MTL_ENABLE_DEBUG_INFO = INCLUDE_SOURCE;
				MTL_FAST_MATH = YES;
				ONLY_ACTIVE_ARCH = YES;
				SDKROOT = iphoneos;
				SWIFT_ACTIVE_COMPILATION_CONDITIONS = "DEBUG $(inherited)";
				SWIFT_OPTIMIZATION_LEVEL = "-Onone";
			};
			name = Debug;
		};
		60585DD12ED962BA00A3A4D1 /* Release */ = {
			isa = XCBuildConfiguration;
			buildSettings = {
				ALWAYS_SEARCH_USER_PATHS = NO;
				ASSETCATALOG_COMPILER_GENERATE_SWIFT_ASSET_SYMBOL_EXTENSIONS = YES;
				CLANG_ANALYZER_NONNULL = YES;
				CLANG_ANALYZER_NUMBER_OBJECT_CONVERSION = YES_AGGRESSIVE;
				CLANG_CXX_LANGUAGE_STANDARD = "gnu++20";
				CLANG_ENABLE_MODULES = YES;
				CLANG_ENABLE_OBJC_ARC = YES;
				CLANG_ENABLE_OBJC_WEAK = YES;
				CLANG_WARN_BLOCK_CAPTURE_AUTORELEASING = YES;
				CLANG_WARN_BOOL_CONVERSION = YES;
				CLANG_WARN_COMMA = YES;
				CLANG_WARN_CONSTANT_CONVERSION = YES;
				CLANG_WARN_DEPRECATED_OBJC_IMPLEMENTATIONS = YES;
				CLANG_WARN_DIRECT_OBJC_ISA_USAGE = YES_ERROR;
				CLANG_WARN_DOCUMENTATION_COMMENTS = YES;
				CLANG_WARN_EMPTY_BODY = YES;
				CLANG_WARN_ENUM_CONVERSION = YES;
				CLANG_WARN_INFINITE_RECURSION = YES;
				CLANG_WARN_INT_CONVERSION = YES;
				CLANG_WARN_NON_LITERAL_NULL_CONVERSION = YES;
				CLANG_WARN_OBJC_IMPLICIT_RETAIN_SELF = YES;
				CLANG_WARN_OBJC_LITERAL_CONVERSION = YES;
				CLANG_WARN_OBJC_ROOT_CLASS = YES_ERROR;
				CLANG_WARN_QUOTED_INCLUDE_IN_FRAMEWORK_HEADER = YES;
				CLANG_WARN_RANGE_LOOP_ANALYSIS = YES;
				CLANG_WARN_STRICT_PROTOTYPES = YES;
				CLANG_WARN_SUSPICIOUS_MOVE = YES;
				CLANG_WARN_UNGUARDED_AVAILABILITY = YES_AGGRESSIVE;
				CLANG_WARN_UNREACHABLE_CODE = YES;
				CLANG_WARN__DUPLICATE_METHOD_MATCH = YES;
				COPY_PHASE_STRIP = NO;
				DEBUG_INFORMATION_FORMAT = "dwarf-with-dsym";
				ENABLE_NS_ASSERTIONS = NO;
				ENABLE_STRICT_OBJC_MSGSEND = YES;
				ENABLE_USER_SCRIPT_SANDBOXING = YES;
				GCC_C_LANGUAGE_STANDARD = gnu17;
				GCC_NO_COMMON_BLOCKS = YES;
				GCC_WARN_64_TO_32_BIT_CONVERSION = YES;
				GCC_WARN_ABOUT_RETURN_TYPE = YES_ERROR;
				GCC_WARN_UNDECLARED_SELECTOR = YES;
				GCC_WARN_UNINITIALIZED_AUTOS = YES_AGGRESSIVE;
				GCC_WARN_UNUSED_FUNCTION = YES;
				GCC_WARN_UNUSED_VARIABLE = YES;
				IPHONEOS_DEPLOYMENT_TARGET = 26.0;
				LOCALIZATION_PREFERS_STRING_CATALOGS = YES;
				MTL_ENABLE_DEBUG_INFO = NO;
				MTL_FAST_MATH = YES;
				SDKROOT = iphoneos;
				SWIFT_COMPILATION_MODE = wholemodule;
				VALIDATE_PRODUCT = YES;
			};
			name = Release;
		};
		60585DD32ED962BA00A3A4D1 /* Debug */ = {
			isa = XCBuildConfiguration;
			buildSettings = {
				BUNDLE_LOADER = "$(TEST_HOST)";
				CODE_SIGN_STYLE = Automatic;
				CURRENT_PROJECT_VERSION = 1;
				GENERATE_INFOPLIST_FILE = YES;
				IPHONEOS_DEPLOYMENT_TARGET = 26.0;
				MARKETING_VERSION = 1.0;
				PRODUCT_BUNDLE_IDENTIFIER = "com.tiger.suzhou.Ye-DufuTests";
				PRODUCT_NAME = "$(TARGET_NAME)";
				STRING_CATALOG_GENERATE_SYMBOLS = NO;
				SWIFT_APPROACHABLE_CONCURRENCY = YES;
				SWIFT_EMIT_LOC_STRINGS = NO;
				SWIFT_UPCOMING_FEATURE_MEMBER_IMPORT_VISIBILITY = YES;
				SWIFT_VERSION = 5.0;
				TARGETED_DEVICE_FAMILY = "1,2";
				TEST_HOST = "$(BUILT_PRODUCTS_DIR)/Ye-Dufu.app/$(BUNDLE_EXECUTABLE_FOLDER_PATH)/Ye-Dufu";
			};
			name = Debug;
		};
		60585DD42ED962BA00A3A4D1 /* Release */ = {
			isa = XCBuildConfiguration;
			buildSettings = {
				BUNDLE_LOADER = "$(TEST_HOST)";
				CODE_SIGN_STYLE = Automatic;
				CURRENT_PROJECT_VERSION = 1;
				GENERATE_INFOPLIST_FILE = YES;
				IPHONEOS_DEPLOYMENT_TARGET = 26.0;
				MARKETING_VERSION = 1.0;
				PRODUCT_BUNDLE_IDENTIFIER = "com.tiger.suzhou.Ye-DufuTests";
				PRODUCT_NAME = "$(TARGET_NAME)";
				STRING_CATALOG_GENERATE_SYMBOLS = NO;
				SWIFT_APPROACHABLE_CONCURRENCY = YES;
				SWIFT_EMIT_LOC_STRINGS = NO;
				SWIFT_UPCOMING_FEATURE_MEMBER_IMPORT_VISIBILITY = YES;
				SWIFT_VERSION = 5.0;
				TARGETED_DEVICE_FAMILY = "1,2";
				TEST_HOST = "$(BUILT_PRODUCTS_DIR)/Ye-Dufu.app/$(BUNDLE_EXECUTABLE_FOLDER_PATH)/Ye-Dufu";
			};
			name = Release;
		};
		60585DD62ED962BA00A3A4D1 /* Debug */ = {
			isa = XCBuildConfiguration;
			buildSettings = {
				CODE_SIGN_STYLE = Automatic;
				CURRENT_PROJECT_VERSION = 1;
				GENERATE_INFOPLIST_FILE = YES;
				MARKETING_VERSION = 1.0;
				PRODUCT_BUNDLE_IDENTIFIER = "com.tiger.suzhou.Ye-DufuUITests";
				PRODUCT_NAME = "$(TARGET_NAME)";
				STRING_CATALOG_GENERATE_SYMBOLS = NO;
				SWIFT_APPROACHABLE_CONCURRENCY = YES;
				SWIFT_EMIT_LOC_STRINGS = NO;
				SWIFT_UPCOMING_FEATURE_MEMBER_IMPORT_VISIBILITY = YES;
				SWIFT_VERSION = 5.0;
				TARGETED_DEVICE_FAMILY = "1,2";
				TEST_TARGET_NAME = "Ye-Dufu";
			};
			name = Debug;
		};
		60585DD72ED962BA00A3A4D1 /* Release */ = {
			isa = XCBuildConfiguration;
			buildSettings = {
				CODE_SIGN_STYLE = Automatic;
				CURRENT_PROJECT_VERSION = 1;
				GENERATE_INFOPLIST_FILE = YES;
				MARKETING_VERSION = 1.0;
				PRODUCT_BUNDLE_IDENTIFIER = "com.tiger.suzhou.Ye-DufuUITests";
				PRODUCT_NAME = "$(TARGET_NAME)";
				STRING_CATALOG_GENERATE_SYMBOLS = NO;
				SWIFT_APPROACHABLE_CONCURRENCY = YES;
				SWIFT_EMIT_LOC_STRINGS = NO;
				SWIFT_UPCOMING_FEATURE_MEMBER_IMPORT_VISIBILITY = YES;
				SWIFT_VERSION = 5.0;
				TARGETED_DEVICE_FAMILY = "1,2";
				TEST_TARGET_NAME = "Ye-Dufu";
			};
			name = Release;
		};
/* End XCBuildConfiguration section */

/* Begin XCConfigurationList section */
		60585D9F2ED962B900A3A4D1 /* Build configuration list for PBXProject "Ye-Dufu" */ = {
			isa = XCConfigurationList;
			buildConfigurations = (
				60585DD02ED962BA00A3A4D1 /* Debug */,
				60585DD12ED962BA00A3A4D1 /* Release */,
			);
			defaultConfigurationIsVisible = 0;
			defaultConfigurationName = Release;
		};
		60585DCD2ED962BA00A3A4D1 /* Build configuration list for PBXNativeTarget "Ye-Dufu" */ = {
			isa = XCConfigurationList;
			buildConfigurations = (
				60585DCE2ED962BA00A3A4D1 /* Debug */,
				60585DCF2ED962BA00A3A4D1 /* Release */,
			);
			defaultConfigurationIsVisible = 0;
			defaultConfigurationName = Release;
		};
		60585DD22ED962BA00A3A4D1 /* Build configuration list for PBXNativeTarget "Ye-DufuTests" */ = {
			isa = XCConfigurationList;
			buildConfigurations = (
				60585DD32ED962BA00A3A4D1 /* Debug */,
				60585DD42ED962BA00A3A4D1 /* Release */,
			);
			defaultConfigurationIsVisible = 0;
			defaultConfigurationName = Release;
		};
		60585DD52ED962BA00A3A4D1 /* Build configuration list for PBXNativeTarget "Ye-DufuUITests" */ = {
			isa = XCConfigurationList;
			buildConfigurations = (
				60585DD62ED962BA00A3A4D1 /* Debug */,
				60585DD72ED962BA00A3A4D1 /* Release */,
			);
			defaultConfigurationIsVisible = 0;
			defaultConfigurationName = Release;
		};
/* End XCConfigurationList section */

/* Begin XCSwiftPackageProductDependency section */
		60585DDA2ED9645F00A3A4D1 /* HMedia */ = {
			isa = XCSwiftPackageProductDependency;
			productName = HMedia;
		};
		60585DE22ED9774600A3A4D1 /* HConstants */ = {
			isa = XCSwiftPackageProductDependency;
			productName = HConstants;
		};
/* End XCSwiftPackageProductDependency section */
	};
	rootObject = 60585D9C2ED962B900A3A4D1 /* Project object */;
}
